# This file was autogenerated by Stack.
# You should not edit this file by hand.
# For more information, please see the documentation at:
#   https://docs.haskellstack.org/en/stable/lock_files

packages:
- completed:
    hackage: reactive-banana-1.3.0.0@sha256:e625c838ff5a1550cafacd6bd8e9934a57d8b6ba88611129db57081ff59fbb43,4223
    pantry-tree:
      size: 2523
      sha256: 8b182f446a3124cb6a87226d4d8c8f3060d8d5ed774d7f7a064d8d8e4c77ccc8
  original:
    hackage: reactive-banana-1.3.0.0
- completed:
    hackage: termbox-banana-0.3.0@sha256:f2ead0380b5ab59de6d96436d1da085d935ff08e57364355cc78b7fe5b290a94,2515
    pantry-tree:
      size: 390
      sha256: 72826584338acf3330b89aa0d7c5fae649d09c9ad7a56efaafc1f8c3edc7048a
  original:
    hackage: termbox-banana-0.3.0
snapshots:
- completed:
    size: 618952
    url: https://raw.githubusercontent.com/commercialhaskell/stackage-snapshots/master/lts/19/15.yaml
    sha256: 82e5ccb47b068521de4055034e8aa278eab430b586881d9cc29ba8b382ce3253
  original:
    url: https://raw.githubusercontent.com/commercialhaskell/stackage-snapshots/master/lts/19/15.yaml
